
Microsoft Visual Studio Solution File, Format Version 12.00
# Visual Studio Version 17
VisualStudioVersion = 17.6.33815.320
MinimumVisualStudioVersion = 10.0.40219.1
Project("{FAE04EC0-301F-11D3-BF4B-00C04F79EFBC}") = "NaBrasa-Service", "NaBrasa-Service\NaBrasa-Service.csproj", "{B5C461C8-54FC-4134-A0C4-CB090738314C}"
EndProject
Global
	GlobalSection(SolutionConfigurationPlatforms) = preSolution
		Debug|Any CPU = Debug|Any CPU
		Release|Any CPU = Release|Any CPU
	EndGlobalSection
	GlobalSection(ProjectConfigurationPlatforms) = postSolution
		{B5C461C8-54FC-4134-A0C4-CB090738314C}.Debug|Any CPU.ActiveCfg = Debug|Any CPU
		{B5C461C8-54FC-4134-A0C4-CB090738314C}.Debug|Any CPU.Build.0 = Debug|Any CPU
		{B5C461C8-54FC-4134-A0C4-CB090738314C}.Release|Any CPU.ActiveCfg = Release|Any CPU
		{B5C461C8-54FC-4134-A0C4-CB090738314C}.Release|Any CPU.Build.0 = Release|Any CPU
	EndGlobalSection
	GlobalSection(SolutionProperties) = preSolution
		HideSolutionNode = FALSE
	EndGlobalSection
	GlobalSection(ExtensibilityGlobals) = postSolution
		SolutionGuid = {1D3FE16A-44A8-4C2B-A819-F9B31E027CD1}
	EndGlobalSection
EndGlobal
